
Microsoft Visual Studio Solution File, Format Version 12.00
# Visual Studio Version 16
VisualStudioVersion = 16.0.31702.278
MinimumVisualStudioVersion = 10.0.40219.1
Project("{FAE04EC0-301F-11D3-BF4B-00C04F79EFBC}") = "Bercea_Anelise_Lab8", "Bercea_Anelise_Lab8.csproj", "{C9E169F5-E4AD-4DDA-AEA3-380C62363728}"
EndProject
Global
	GlobalSection(SolutionConfigurationPlatforms) = preSolution
		Debug|Any CPU = Debug|Any CPU
		Release|Any CPU = Release|Any CPU
	EndGlobalSection
	GlobalSection(ProjectConfigurationPlatforms) = postSolution
		{C9E169F5-E4AD-4DDA-AEA3-380C62363728}.Debug|Any CPU.ActiveCfg = Debug|Any CPU
		{C9E169F5-E4AD-4DDA-AEA3-380C62363728}.Debug|Any CPU.Build.0 = Debug|Any CPU
		{C9E169F5-E4AD-4DDA-AEA3-380C62363728}.Release|Any CPU.ActiveCfg = Release|Any CPU
		{C9E169F5-E4AD-4DDA-AEA3-380C62363728}.Release|Any CPU.Build.0 = Release|Any CPU
	EndGlobalSection
	GlobalSection(SolutionProperties) = preSolution
		HideSolutionNode = FALSE
	EndGlobalSection
	GlobalSection(ExtensibilityGlobals) = postSolution
		SolutionGuid = {35585262-97FE-4054-A90B-F145DF069E4B}
	EndGlobalSection
EndGlobal
